// !$*UTF8*$!
{
	archiveVersion = 1;
	classes = {
	};
	objectVersion = 50;
	objects = {

/* Begin PBXBuildFile section */
		2505C6BB24DC5BD80078946E /* AppDelegate.swift in Sources */ = {isa = PBXBuildFile; fileRef = 2505C6BA24DC5BD80078946E /* AppDelegate.swift */; };
		2505C6BD24DC5BD80078946E /* SceneDelegate.swift in Sources */ = {isa = PBXBuildFile; fileRef = 2505C6BC24DC5BD80078946E /* SceneDelegate.swift */; };
		2505C6BF24DC5BD80078946E /* ViewController.swift in Sources */ = {isa = PBXBuildFile; fileRef = 2505C6BE24DC5BD80078946E /* ViewController.swift */; };
		2505C6C224DC5BD80078946E /* Main.storyboard in Resources */ = {isa = PBXBuildFile; fileRef = 2505C6C024DC5BD80078946E /* Main.storyboard */; };
		2505C6C424DC5BDE0078946E /* Assets.xcassets in Resources */ = {isa = PBXBuildFile; fileRef = 2505C6C324DC5BDE0078946E /* Assets.xcassets */; };
		2505C6C724DC5BDE0078946E /* LaunchScreen.storyboard in Resources */ = {isa = PBXBuildFile; fileRef = 2505C6C524DC5BDE0078946E /* LaunchScreen.storyboard */; };
		2505C6CF24DC65370078946E /* SettingViewController.swift in Sources */ = {isa = PBXBuildFile; fileRef = 2505C6CE24DC65370078946E /* SettingViewController.swift */; };
/* End PBXBuildFile section */

/* Begin PBXFileReference section */
		2505C6B724DC5BD80078946E /* Mytimer.app */ = {isa = PBXFileReference; explicitFileType = wrapper.application; includeInIndex = 0; path = Mytimer.app; sourceTree = BUILT_PRODUCTS_DIR; };
		2505C6BA24DC5BD80078946E /* AppDelegate.swift */ = {isa = PBXFileReference; lastKnownFileType = sourcecode.swift; path = AppDelegate.swift; sourceTree = "<group>"; };
		2505C6BC24DC5BD80078946E /* SceneDelegate.swift */ = {isa = PBXFileReference; lastKnownFileType = sourcecode.swift; path = SceneDelegate.swift; sourceTree = "<group>"; };
		2505C6BE24DC5BD80078946E /* ViewController.swift */ = {isa = PBXFileReference; lastKnownFileType = sourcecode.swift; path = ViewController.swift; sourceTree = "<group>"; };
		2505C6C124DC5BD80078946E /* Base */ = {isa = PBXFileReference; lastKnownFileType = file.storyboard; name = Base; path = Base.lproj/Main.storyboard; sourceTree = "<group>"; };
		2505C6C324DC5BDE0078946E /* Assets.xcassets */ = {isa = PBXFileReference; lastKnownFileType = folder.assetcatalog; path = Assets.xcassets; sourceTree = "<group>"; };
		2505C6C624DC5BDE0078946E /* Base */ = {isa = PBXFileReference; lastKnownFileType = file.storyboard; name = Base; path = Base.lproj/LaunchScreen.storyboard; sourceTree = "<group>"; };
		2505C6C824DC5BDE0078946E /* Info.plist */ = {isa = PBXFileReference; lastKnownFileType = text.plist.xml; path = Info.plist; sourceTree = "<group>"; };
		2505C6CE24DC65370078946E /* SettingViewController.swift */ = {isa = PBXFileReference; lastKnownFileType = sourcecode.swift; path = SettingViewController.swift; sourceTree = "<group>"; };
/* End PBXFileReference section */

/* Begin PBXFrameworksBuildPhase section */
		2505C6B424DC5BD70078946E /* Frameworks */ = {
			isa = PBXFrameworksBuildPhase;
			buildActionMask = 2147483647;
			files = (
			);
			runOnlyForDeploymentPostprocessing = 0;
		};
/* End PBXFrameworksBuildPhase section */

/* Begin PBXGroup section */
		2505C6AE24DC5BD70078946E = {
			isa = PBXGroup;
			children = (
				2505C6B924DC5BD80078946E /* Mytimer */,
				2505C6B824DC5BD80078946E /* Products */,
			);
			sourceTree = "<group>";
		};
		2505C6B824DC5BD80078946E /* Products */ = {
			isa = PBXGroup;
			children = (
				2505C6B724DC5BD80078946E /* Mytimer.app */,
			);
			name = Products;
			sourceTree = "<group>";
		};
		2505C6B924DC5BD80078946E /* Mytimer */ = {
			isa = PBXGroup;
			children = (
				2505C6BA24DC5BD80078946E /* AppDelegate.swift */,
				2505C6BC24DC5BD80078946E /* SceneDelegate.swift */,
				2505C6BE24DC5BD80078946E /* ViewController.swift */,
				2505C6C024DC5BD80078946E /* Main.storyboard */,
				2505C6CE24DC65370078946E /* SettingViewController.swift */,
				2505C6C324DC5BDE0078946E /* Assets.xcassets */,
				2505C6C524DC5BDE0078946E /* LaunchScreen.storyboard */,
				2505C6C824DC5BDE0078946E /* Info.plist */,
			);
			path = Mytimer;
			sourceTree = "<group>";
		};
/* End PBXGroup section */

/* Begin PBXNativeTarget section */
		2505C6B624DC5BD70078946E /* Mytimer */ = {
			isa = PBXNativeTarget;
			buildConfigurationList = 2505C6CB24DC5BDE0078946E /* Build configuration list for PBXNativeTarget "Mytimer" */;
			buildPhases = (
				2505C6B324DC5BD70078946E /* Sources */,
				2505C6B424DC5BD70078946E /* Frameworks */,
				2505C6B524DC5BD70078946E /* Resources */,
			);
			buildRules = (
			);
			dependencies = (
			);
			name = Mytimer;
			productName = Mytimer;
			productReference = 2505C6B724DC5BD80078946E /* Mytimer.app */;
			productType = "com.apple.product-type.application";
		};
/* End PBXNativeTarget section */

/* Begin PBXProject section */
		2505C6AF24DC5BD70078946E /* Project object */ = {
			isa = PBXProject;
			attributes = {
				LastSwiftUpdateCheck = 1160;
				LastUpgradeCheck = 1160;
				ORGANIZATIONNAME = "大川琢也";
				TargetAttributes = {
					2505C6B624DC5BD70078946E = {
						CreatedOnToolsVersion = 11.6;
					};
				};
			};
			buildConfigurationList = 2505C6B224DC5BD70078946E /* Build configuration list for PBXProject "Mytimer" */;
			compatibilityVersion = "Xcode 9.3";
			developmentRegion = en;
			hasScannedForEncodings = 0;
			knownRegions = (
				en,
				Base,
			);
			mainGroup = 2505C6AE24DC5BD70078946E;
			productRefGroup = 2505C6B824DC5BD80078946E /* Products */;
			projectDirPath = "";
			projectRoot = "";
			targets = (
				2505C6B624DC5BD70078946E /* Mytimer */,
			);
		};
/* End PBXProject section */

/* Begin PBXResourcesBuildPhase section */
		2505C6B524DC5BD70078946E /* Resources */ = {
			isa = PBXResourcesBuildPhase;
			buildActionMask = 2147483647;
			files = (
				2505C6C724DC5BDE0078946E /* LaunchScreen.storyboard in Resources */,
				2505C6C424DC5BDE0078946E /* Assets.xcassets in Resources */,
				2505C6C224DC5BD80078946E /* Main.storyboard in Resources */,
			);
			runOnlyForDeploymentPostprocessing = 0;
		};
/* End PBXResourcesBuildPhase section */

/* Begin PBXSourcesBuildPhase section */
		2505C6B324DC5BD70078946E /* Sources */ = {
			isa = PBXSourcesBuildPhase;
			buildActionMask = 2147483647;
			files = (
				2505C6BF24DC5BD80078946E /* ViewController.swift in Sources */,
				2505C6BB24DC5BD80078946E /* AppDelegate.swift in Sources */,
				2505C6BD24DC5BD80078946E /* SceneDelegate.swift in Sources */,
				2505C6CF24DC65370078946E /* SettingViewController.swift in Sources */,
			);
			runOnlyForDeploymentPostprocessing = 0;
		};
/* End PBXSourcesBuildPhase section */

/* Begin PBXVariantGroup section */
		2505C6C024DC5BD80078946E /* Main.storyboard */ = {
			isa = PBXVariantGroup;
			children = (
				2505C6C124DC5BD80078946E /* Base */,
			);
			name = Main.storyboard;
			sourceTree = "<group>";
		};
		2505C6C524DC5BDE0078946E /* LaunchScreen.storyboard */ = {
			isa = PBXVariantGroup;
			children = (
				2505C6C624DC5BDE0078946E /* Base */,
			);
			name = LaunchScreen.storyboard;
			sourceTree = "<group>";
		};
/* End PBXVariantGroup section */

/* Begin XCBuildConfiguration section */
		2505C6C924DC5BDE0078946E /* Debug */ = {
			isa = XCBuildConfiguration;
			buildSettings = {
				ALWAYS_SEARCH_USER_PATHS = NO;
				CLANG_ANALYZER_NONNULL = YES;
				CLANG_ANALYZER_NUMBER_OBJECT_CONVERSION = YES_AGGRESSIVE;
				CLANG_CXX_LANGUAGE_STANDARD = "gnu++14";
				CLANG_CXX_LIBRARY = "libc++";
				CLANG_ENABLE_MODULES = YES;
				CLANG_ENABLE_OBJC_ARC = YES;
				CLANG_ENABLE_OBJC_WEAK = YES;
				CLANG_WARN_BLOCK_CAPTURE_AUTORELEASING = YES;
				CLANG_WARN_BOOL_CONVERSION = YES;
				CLANG_WARN_COMMA = YES;
				CLANG_WARN_CONSTANT_CONVERSION = YES;
				CLANG_WARN_DEPRECATED_OBJC_IMPLEMENTATIONS = YES;
				CLANG_WARN_DIRECT_OBJC_ISA_USAGE = YES_ERROR;
				CLANG_WARN_DOCUMENTATION_COMMENTS = YES;
				CLANG_WARN_EMPTY_BODY = YES;
				CLANG_WARN_ENUM_CONVERSION = YES;
				CLANG_WARN_INFINITE_RECURSION = YES;
				CLANG_WARN_INT_CONVERSION = YES;
				CLANG_WARN_NON_LITERAL_NULL_CONVERSION = YES;
				CLANG_WARN_OBJC_IMPLICIT_RETAIN_SELF = YES;
				CLANG_WARN_OBJC_LITERAL_CONVERSION = YES;
				CLANG_WARN_OBJC_ROOT_CLASS = YES_ERROR;
				CLANG_WARN_RANGE_LOOP_ANALYSIS = YES;
				CLANG_WARN_STRICT_PROTOTYPES = YES;
				CLANG_WARN_SUSPICIOUS_MOVE = YES;
				CLANG_WARN_UNGUARDED_AVAILABILITY = YES_AGGRESSIVE;
				CLANG_WARN_UNREACHABLE_CODE = YES;
				CLANG_WARN__DUPLICATE_METHOD_MATCH = YES;
				COPY_PHASE_STRIP = NO;
				DEBUG_INFORMATION_FORMAT = dwarf;
				ENABLE_STRICT_OBJC_MSGSEND = YES;
				ENABLE_TESTABILITY = YES;
				GCC_C_LANGUAGE_STANDARD = gnu11;
				GCC_DYNAMIC_NO_PIC = NO;
				GCC_NO_COMMON_BLOCKS = YES;
				GCC_OPTIMIZATION_LEVEL = 0;
				GCC_PREPROCESSOR_DEFINITIONS = (
					"DEBUG=1",
					"$(inherited)",
				);
				GCC_WARN_64_TO_32_BIT_CONVERSION = YES;
				GCC_WARN_ABOUT_RETURN_TYPE = YES_ERROR;
				GCC_WARN_UNDECLARED_SELECTOR = YES;
				GCC_WARN_UNINITIALIZED_AUTOS = YES_AGGRESSIVE;
				GCC_WARN_UNUSED_FUNCTION = YES;
				GCC_WARN_UNUSED_VARIABLE = YES;
				IPHONEOS_DEPLOYMENT_TARGET = 13.6;
				MTL_ENABLE_DEBUG_INFO = INCLUDE_SOURCE;
				MTL_FAST_MATH = YES;
				ONLY_ACTIVE_ARCH = YES;
				SDKROOT = iphoneos;
				SWIFT_ACTIVE_COMPILATION_CONDITIONS = DEBUG;
				SWIFT_OPTIMIZATION_LEVEL = "-Onone";
			};
			name = Debug;
		};
		2505C6CA24DC5BDE0078946E /* Release */ = {
			isa = XCBuildConfiguration;
			buildSettings = {
				ALWAYS_SEARCH_USER_PATHS = NO;
				CLANG_ANALYZER_NONNULL = YES;
				CLANG_ANALYZER_NUMBER_OBJECT_CONVERSION = YES_AGGRESSIVE;
				CLANG_CXX_LANGUAGE_STANDARD = "gnu++14";
				CLANG_CXX_LIBRARY = "libc++";
				CLANG_ENABLE_MODULES = YES;
				CLANG_ENABLE_OBJC_ARC = YES;
				CLANG_ENABLE_OBJC_WEAK = YES;
				CLANG_WARN_BLOCK_CAPTURE_AUTORELEASING = YES;
				CLANG_WARN_BOOL_CONVERSION = YES;
				CLANG_WARN_COMMA = YES;
				CLANG_WARN_CONSTANT_CONVERSION = YES;
				CLANG_WARN_DEPRECATED_OBJC_IMPLEMENTATIONS = YES;
				CLANG_WARN_DIRECT_OBJC_ISA_USAGE = YES_ERROR;
				CLANG_WARN_DOCUMENTATION_COMMENTS = YES;
				CLANG_WARN_EMPTY_BODY = YES;
				CLANG_WARN_ENUM_CONVERSION = YES;
				CLANG_WARN_INFINITE_RECURSION = YES;
				CLANG_WARN_INT_CONVERSION = YES;
				CLANG_WARN_NON_LITERAL_NULL_CONVERSION = YES;
				CLANG_WARN_OBJC_IMPLICIT_RETAIN_SELF = YES;
				CLANG_WARN_OBJC_LITERAL_CONVERSION = YES;
				CLANG_WARN_OBJC_ROOT_CLASS = YES_ERROR;
				CLANG_WARN_RANGE_LOOP_ANALYSIS = YES;
				CLANG_WARN_STRICT_PROTOTYPES = YES;
				CLANG_WARN_SUSPICIOUS_MOVE = YES;
				CLANG_WARN_UNGUARDED_AVAILABILITY = YES_AGGRESSIVE;
				CLANG_WARN_UNREACHABLE_CODE = YES;
				CLANG_WARN__DUPLICATE_METHOD_MATCH = YES;
				COPY_PHASE_STRIP = NO;
				DEBUG_INFORMATION_FORMAT = "dwarf-with-dsym";
				ENABLE_NS_ASSERTIONS = NO;
				ENABLE_STRICT_OBJC_MSGSEND = YES;
				GCC_C_LANGUAGE_STANDARD = gnu11;
				GCC_NO_COMMON_BLOCKS = YES;
				GCC_WARN_64_TO_32_BIT_CONVERSION = YES;
				GCC_WARN_ABOUT_RETURN_TYPE = YES_ERROR;
				GCC_WARN_UNDECLARED_SELECTOR = YES;
				GCC_WARN_UNINITIALIZED_AUTOS = YES_AGGRESSIVE;
				GCC_WARN_UNUSED_FUNCTION = YES;
				GCC_WARN_UNUSED_VARIABLE = YES;
				IPHONEOS_DEPLOYMENT_TARGET = 13.6;
				MTL_ENABLE_DEBUG_INFO = NO;
				MTL_FAST_MATH = YES;
				SDKROOT = iphoneos;
				SWIFT_COMPILATION_MODE = wholemodule;
				SWIFT_OPTIMIZATION_LEVEL = "-O";
				VALIDATE_PRODUCT = YES;
			};
			name = Release;
		};
		2505C6CC24DC5BDE0078946E /* Debug */ = {
			isa = XCBuildConfiguration;
			buildSettings = {
				ASSETCATALOG_COMPILER_APPICON_NAME = AppIcon;
				CODE_SIGN_STYLE = Automatic;
				INFOPLIST_FILE = Mytimer/Info.plist;
				LD_RUNPATH_SEARCH_PATHS = (
					"$(inherited)",
					"@executable_path/Frameworks",
				);
				PRODUCT_BUNDLE_IDENTIFIER = bennyandjoonandbenny.Mytimer;
				PRODUCT_NAME = "$(TARGET_NAME)";
				SWIFT_VERSION = 5.0;
				TARGETED_DEVICE_FAMILY = "1,2";
			};
			name = Debug;
		};
		2505C6CD24DC5BDE0078946E /* Release */ = {
			isa = XCBuildConfiguration;
			buildSettings = {
				ASSETCATALOG_COMPILER_APPICON_NAME = AppIcon;
				CODE_SIGN_STYLE = Automatic;
				INFOPLIST_FILE = Mytimer/Info.plist;
				LD_RUNPATH_SEARCH_PATHS = (
					"$(inherited)",
					"@executable_path/Frameworks",
				);
				PRODUCT_BUNDLE_IDENTIFIER = bennyandjoonandbenny.Mytimer;
				PRODUCT_NAME = "$(TARGET_NAME)";
				SWIFT_VERSION = 5.0;
				TARGETED_DEVICE_FAMILY = "1,2";
			};
			name = Release;
		};
/* End XCBuildConfiguration section */

/* Begin XCConfigurationList section */
		2505C6B224DC5BD70078946E /* Build configuration list for PBXProject "Mytimer" */ = {
			isa = XCConfigurationList;
			buildConfigurations = (
				2505C6C924DC5BDE0078946E /* Debug */,
				2505C6CA24DC5BDE0078946E /* Release */,
			);
			defaultConfigurationIsVisible = 0;
			defaultConfigurationName = Release;
		};
		2505C6CB24DC5BDE0078946E /* Build configuration list for PBXNativeTarget "Mytimer" */ = {
			isa = XCConfigurationList;
			buildConfigurations = (
				2505C6CC24DC5BDE0078946E /* Debug */,
				2505C6CD24DC5BDE0078946E /* Release */,
			);
			defaultConfigurationIsVisible = 0;
			defaultConfigurationName = Release;
		};
/* End XCConfigurationList section */
	};
	rootObject = 2505C6AF24DC5BD70078946E /* Project object */;
}
